// !$*UTF8*$!
{
	archiveVersion = 1;
	classes = {
	};
	objectVersion = 50;
	objects = {

/* Begin PBXBuildFile section */
		6E09420D234B451A0098E5B8 /* AppDelegate.m in Sources */ = {isa = PBXBuildFile; fileRef = 6E09420C234B451A0098E5B8 /* AppDelegate.m */; };
		6E094210234B451A0098E5B8 /* SceneDelegate.m in Sources */ = {isa = PBXBuildFile; fileRef = 6E09420F234B451A0098E5B8 /* SceneDelegate.m */; };
		6E094213234B451A0098E5B8 /* ViewController.m in Sources */ = {isa = PBXBuildFile; fileRef = 6E094212234B451A0098E5B8 /* ViewController.m */; };
		6E094216234B451A0098E5B8 /* Main.storyboard in Resources */ = {isa = PBXBuildFile; fileRef = 6E094214234B451A0098E5B8 /* Main.storyboard */; };
		6E094218234B451C0098E5B8 /* Assets.xcassets in Resources */ = {isa = PBXBuildFile; fileRef = 6E094217234B451C0098E5B8 /* Assets.xcassets */; };
		6E09421B234B451C0098E5B8 /* LaunchScreen.storyboard in Resources */ = {isa = PBXBuildFile; fileRef = 6E094219234B451C0098E5B8 /* LaunchScreen.storyboard */; };
		6E09421E234B451C0098E5B8 /* main.m in Sources */ = {isa = PBXBuildFile; fileRef = 6E09421D234B451C0098E5B8 /* main.m */; };
		6E094228234B451C0098E5B8 /* ffTests.m in Sources */ = {isa = PBXBuildFile; fileRef = 6E094227234B451C0098E5B8 /* ffTests.m */; };
		6E094233234B451C0098E5B8 /* ffUITests.m in Sources */ = {isa = PBXBuildFile; fileRef = 6E094232234B451C0098E5B8 /* ffUITests.m */; };
/* End PBXBuildFile section */

/* Begin PBXContainerItemProxy section */
		6E094224234B451C0098E5B8 /* PBXContainerItemProxy */ = {
			isa = PBXContainerItemProxy;
			containerPortal = 6E094200234B451A0098E5B8 /* Project object */;
			proxyType = 1;
			remoteGlobalIDString = 6E094207234B451A0098E5B8;
			remoteInfo = ff;
		};
		6E09422F234B451C0098E5B8 /* PBXContainerItemProxy */ = {
			isa = PBXContainerItemProxy;
			containerPortal = 6E094200234B451A0098E5B8 /* Project object */;
			proxyType = 1;
			remoteGlobalIDString = 6E094207234B451A0098E5B8;
			remoteInfo = ff;
		};
/* End PBXContainerItemProxy section */

/* Begin PBXFileReference section */
		6E094208234B451A0098E5B8 /* ff.app */ = {isa = PBXFileReference; explicitFileType = wrapper.application; includeInIndex = 0; path = ff.app; sourceTree = BUILT_PRODUCTS_DIR; };
		6E09420B234B451A0098E5B8 /* AppDelegate.h */ = {isa = PBXFileReference; lastKnownFileType = sourcecode.c.h; path = AppDelegate.h; sourceTree = "<group>"; };
		6E09420C234B451A0098E5B8 /* AppDelegate.m */ = {isa = PBXFileReference; lastKnownFileType = sourcecode.c.objc; path = AppDelegate.m; sourceTree = "<group>"; };
		6E09420E234B451A0098E5B8 /* SceneDelegate.h */ = {isa = PBXFileReference; lastKnownFileType = sourcecode.c.h; path = SceneDelegate.h; sourceTree = "<group>"; };
		6E09420F234B451A0098E5B8 /* SceneDelegate.m */ = {isa = PBXFileReference; lastKnownFileType = sourcecode.c.objc; path = SceneDelegate.m; sourceTree = "<group>"; };
		6E094211234B451A0098E5B8 /* ViewController.h */ = {isa = PBXFileReference; lastKnownFileType = sourcecode.c.h; path = ViewController.h; sourceTree = "<group>"; };
		6E094212234B451A0098E5B8 /* ViewController.m */ = {isa = PBXFileReference; lastKnownFileType = sourcecode.c.objc; path = ViewController.m; sourceTree = "<group>"; };
		6E094215234B451A0098E5B8 /* Base */ = {isa = PBXFileReference; lastKnownFileType = file.storyboard; name = Base; path = Base.lproj/Main.storyboard; sourceTree = "<group>"; };
		6E094217234B451C0098E5B8 /* Assets.xcassets */ = {isa = PBXFileReference; lastKnownFileType = folder.assetcatalog; path = Assets.xcassets; sourceTree = "<group>"; };
		6E09421A234B451C0098E5B8 /* Base */ = {isa = PBXFileReference; lastKnownFileType = file.storyboard; name = Base; path = Base.lproj/LaunchScreen.storyboard; sourceTree = "<group>"; };
		6E09421C234B451C0098E5B8 /* Info.plist */ = {isa = PBXFileReference; lastKnownFileType = text.plist.xml; path = Info.plist; sourceTree = "<group>"; };
		6E09421D234B451C0098E5B8 /* main.m */ = {isa = PBXFileReference; lastKnownFileType = sourcecode.c.objc; path = main.m; sourceTree = "<group>"; };
		6E094223234B451C0098E5B8 /* ffTests.xctest */ = {isa = PBXFileReference; explicitFileType = wrapper.cfbundle; includeInIndex = 0; path = ffTests.xctest; sourceTree = BUILT_PRODUCTS_DIR; };
		6E094227234B451C0098E5B8 /* ffTests.m */ = {isa = PBXFileReference; lastKnownFileType = sourcecode.c.objc; path = ffTests.m; sourceTree = "<group>"; };
		6E094229234B451C0098E5B8 /* Info.plist */ = {isa = PBXFileReference; lastKnownFileType = text.plist.xml; path = Info.plist; sourceTree = "<group>"; };
		6E09422E234B451C0098E5B8 /* ffUITests.xctest */ = {isa = PBXFileReference; explicitFileType = wrapper.cfbundle; includeInIndex = 0; path = ffUITests.xctest; sourceTree = BUILT_PRODUCTS_DIR; };
		6E094232234B451C0098E5B8 /* ffUITests.m */ = {isa = PBXFileReference; lastKnownFileType = sourcecode.c.objc; path = ffUITests.m; sourceTree = "<group>"; };
		6E094234234B451C0098E5B8 /* Info.plist */ = {isa = PBXFileReference; lastKnownFileType = text.plist.xml; path = Info.plist; sourceTree = "<group>"; };
/* End PBXFileReference section */

/* Begin PBXFrameworksBuildPhase section */
		6E094205234B451A0098E5B8 /* Frameworks */ = {
			isa = PBXFrameworksBuildPhase;
			buildActionMask = 2147483647;
			files = (
			);
			runOnlyForDeploymentPostprocessing = 0;
		};
		6E094220234B451C0098E5B8 /* Frameworks */ = {
			isa = PBXFrameworksBuildPhase;
			buildActionMask = 2147483647;
			files = (
			);
			runOnlyForDeploymentPostprocessing = 0;
		};
		6E09422B234B451C0098E5B8 /* Frameworks */ = {
			isa = PBXFrameworksBuildPhase;
			buildActionMask = 2147483647;
			files = (
			);
			runOnlyForDeploymentPostprocessing = 0;
		};
/* End PBXFrameworksBuildPhase section */

/* Begin PBXGroup section */
		6E0941FF234B451A0098E5B8 = {
			isa = PBXGroup;
			children = (
				6E09420A234B451A0098E5B8 /* ff */,
				6E094226234B451C0098E5B8 /* ffTests */,
				6E094231234B451C0098E5B8 /* ffUITests */,
				6E094209234B451A0098E5B8 /* Products */,
			);
			sourceTree = "<group>";
		};
		6E094209234B451A0098E5B8 /* Products */ = {
			isa = PBXGroup;
			children = (
				6E094208234B451A0098E5B8 /* ff.app */,
				6E094223234B451C0098E5B8 /* ffTests.xctest */,
				6E09422E234B451C0098E5B8 /* ffUITests.xctest */,
			);
			name = Products;
			sourceTree = "<group>";
		};
		6E09420A234B451A0098E5B8 /* ff */ = {
			isa = PBXGroup;
			children = (
				6E09420B234B451A0098E5B8 /* AppDelegate.h */,
				6E09420C234B451A0098E5B8 /* AppDelegate.m */,
				6E09420E234B451A0098E5B8 /* SceneDelegate.h */,
				6E09420F234B451A0098E5B8 /* SceneDelegate.m */,
				6E094211234B451A0098E5B8 /* ViewController.h */,
				6E094212234B451A0098E5B8 /* ViewController.m */,
				6E094214234B451A0098E5B8 /* Main.storyboard */,
				6E094217234B451C0098E5B8 /* Assets.xcassets */,
				6E094219234B451C0098E5B8 /* LaunchScreen.storyboard */,
				6E09421C234B451C0098E5B8 /* Info.plist */,
				6E09421D234B451C0098E5B8 /* main.m */,
			);
			path = ff;
			sourceTree = "<group>";
		};
		6E094226234B451C0098E5B8 /* ffTests */ = {
			isa = PBXGroup;
			children = (
				6E094227234B451C0098E5B8 /* ffTests.m */,
				6E094229234B451C0098E5B8 /* Info.plist */,
			);
			path = ffTests;
			sourceTree = "<group>";
		};
		6E094231234B451C0098E5B8 /* ffUITests */ = {
			isa = PBXGroup;
			children = (
				6E094232234B451C0098E5B8 /* ffUITests.m */,
				6E094234234B451C0098E5B8 /* Info.plist */,
			);
			path = ffUITests;
			sourceTree = "<group>";
		};
/* End PBXGroup section */

/* Begin PBXNativeTarget section */
		6E094207234B451A0098E5B8 /* ff */ = {
			isa = PBXNativeTarget;
			buildConfigurationList = 6E094237234B451C0098E5B8 /* Build configuration list for PBXNativeTarget "ff" */;
			buildPhases = (
				6E094204234B451A0098E5B8 /* Sources */,
				6E094205234B451A0098E5B8 /* Frameworks */,
				6E094206234B451A0098E5B8 /* Resources */,
			);
			buildRules = (
			);
			dependencies = (
			);
			name = ff;
			productName = ff;
			productReference = 6E094208234B451A0098E5B8 /* ff.app */;
			productType = "com.apple.product-type.application";
		};
		6E094222234B451C0098E5B8 /* ffTests */ = {
			isa = PBXNativeTarget;
			buildConfigurationList = 6E09423A234B451C0098E5B8 /* Build configuration list for PBXNativeTarget "ffTests" */;
			buildPhases = (
				6E09421F234B451C0098E5B8 /* Sources */,
				6E094220234B451C0098E5B8 /* Frameworks */,
				6E094221234B451C0098E5B8 /* Resources */,
			);
			buildRules = (
			);
			dependencies = (
				6E094225234B451C0098E5B8 /* PBXTargetDependency */,
			);
			name = ffTests;
			productName = ffTests;
			productReference = 6E094223234B451C0098E5B8 /* ffTests.xctest */;
			productType = "com.apple.product-type.bundle.unit-test";
		};
		6E09422D234B451C0098E5B8 /* ffUITests */ = {
			isa = PBXNativeTarget;
			buildConfigurationList = 6E09423D234B451C0098E5B8 /* Build configuration list for PBXNativeTarget "ffUITests" */;
			buildPhases = (
				6E09422A234B451C0098E5B8 /* Sources */,
				6E09422B234B451C0098E5B8 /* Frameworks */,
				6E09422C234B451C0098E5B8 /* Resources */,
			);
			buildRules = (
			);
			dependencies = (
				6E094230234B451C0098E5B8 /* PBXTargetDependency */,
			);
			name = ffUITests;
			productName = ffUITests;
			productReference = 6E09422E234B451C0098E5B8 /* ffUITests.xctest */;
			productType = "com.apple.product-type.bundle.ui-testing";
		};
/* End PBXNativeTarget section */

/* Begin PBXProject section */
		6E094200234B451A0098E5B8 /* Project object */ = {
			isa = PBXProject;
			attributes = {
				LastUpgradeCheck = 1100;
				ORGANIZATIONNAME = "马家兴";
				TargetAttributes = {
					6E094207234B451A0098E5B8 = {
						CreatedOnToolsVersion = 11.0;
					};
					6E094222234B451C0098E5B8 = {
						CreatedOnToolsVersion = 11.0;
						TestTargetID = 6E094207234B451A0098E5B8;
					};
					6E09422D234B451C0098E5B8 = {
						CreatedOnToolsVersion = 11.0;
						TestTargetID = 6E094207234B451A0098E5B8;
					};
				};
			};
			buildConfigurationList = 6E094203234B451A0098E5B8 /* Build configuration list for PBXProject "ff" */;
			compatibilityVersion = "Xcode 9.3";
			developmentRegion = en;
			hasScannedForEncodings = 0;
			knownRegions = (
				en,
				Base,
			);
			mainGroup = 6E0941FF234B451A0098E5B8;
			productRefGroup = 6E094209234B451A0098E5B8 /* Products */;
			projectDirPath = "";
			projectRoot = "";
			targets = (
				6E094207234B451A0098E5B8 /* ff */,
				6E094222234B451C0098E5B8 /* ffTests */,
				6E09422D234B451C0098E5B8 /* ffUITests */,
			);
		};
/* End PBXProject section */

/* Begin PBXResourcesBuildPhase section */
		6E094206234B451A0098E5B8 /* Resources */ = {
			isa = PBXResourcesBuildPhase;
			buildActionMask = 2147483647;
			files = (
				6E09421B234B451C0098E5B8 /* LaunchScreen.storyboard in Resources */,
				6E094218234B451C0098E5B8 /* Assets.xcassets in Resources */,
				6E094216234B451A0098E5B8 /* Main.storyboard in Resources */,
			);
			runOnlyForDeploymentPostprocessing = 0;
		};
		6E094221234B451C0098E5B8 /* Resources */ = {
			isa = PBXResourcesBuildPhase;
			buildActionMask = 2147483647;
			files = (
			);
			runOnlyForDeploymentPostprocessing = 0;
		};
		6E09422C234B451C0098E5B8 /* Resources */ = {
			isa = PBXResourcesBuildPhase;
			buildActionMask = 2147483647;
			files = (
			);
			runOnlyForDeploymentPostprocessing = 0;
		};
/* End PBXResourcesBuildPhase section */

/* Begin PBXSourcesBuildPhase section */
		6E094204234B451A0098E5B8 /* Sources */ = {
			isa = PBXSourcesBuildPhase;
			buildActionMask = 2147483647;
			files = (
				6E094213234B451A0098E5B8 /* ViewController.m in Sources */,
				6E09420D234B451A0098E5B8 /* AppDelegate.m in Sources */,
				6E09421E234B451C0098E5B8 /* main.m in Sources */,
				6E094210234B451A0098E5B8 /* SceneDelegate.m in Sources */,
			);
			runOnlyForDeploymentPostprocessing = 0;
		};
		6E09421F234B451C0098E5B8 /* Sources */ = {
			isa = PBXSourcesBuildPhase;
			buildActionMask = 2147483647;
			files = (
				6E094228234B451C0098E5B8 /* ffTests.m in Sources */,
			);
			runOnlyForDeploymentPostprocessing = 0;
		};
		6E09422A234B451C0098E5B8 /* Sources */ = {
			isa = PBXSourcesBuildPhase;
			buildActionMask = 2147483647;
			files = (
				6E094233234B451C0098E5B8 /* ffUITests.m in Sources */,
			);
			runOnlyForDeploymentPostprocessing = 0;
		};
/* End PBXSourcesBuildPhase section */

/* Begin PBXTargetDependency section */
		6E094225234B451C0098E5B8 /* PBXTargetDependency */ = {
			isa = PBXTargetDependency;
			target = 6E094207234B451A0098E5B8 /* ff */;
			targetProxy = 6E094224234B451C0098E5B8 /* PBXContainerItemProxy */;
		};
		6E094230234B451C0098E5B8 /* PBXTargetDependency */ = {
			isa = PBXTargetDependency;
			target = 6E094207234B451A0098E5B8 /* ff */;
			targetProxy = 6E09422F234B451C0098E5B8 /* PBXContainerItemProxy */;
		};
/* End PBXTargetDependency section */

/* Begin PBXVariantGroup section */
		6E094214234B451A0098E5B8 /* Main.storyboard */ = {
			isa = PBXVariantGroup;
			children = (
				6E094215234B451A0098E5B8 /* Base */,
			);
			name = Main.storyboard;
			sourceTree = "<group>";
		};
		6E094219234B451C0098E5B8 /* LaunchScreen.storyboard */ = {
			isa = PBXVariantGroup;
			children = (
				6E09421A234B451C0098E5B8 /* Base */,
			);
			name = LaunchScreen.storyboard;
			sourceTree = "<group>";
		};
/* End PBXVariantGroup section */

/* Begin XCBuildConfiguration section */
		6E094235234B451C0098E5B8 /* Debug */ = {
			isa = XCBuildConfiguration;
			buildSettings = {
				ALWAYS_SEARCH_USER_PATHS = NO;
				CLANG_ANALYZER_NONNULL = YES;
				CLANG_ANALYZER_NUMBER_OBJECT_CONVERSION = YES_AGGRESSIVE;
				CLANG_CXX_LANGUAGE_STANDARD = "gnu++14";
				CLANG_CXX_LIBRARY = "libc++";
				CLANG_ENABLE_MODULES = YES;
				CLANG_ENABLE_OBJC_ARC = YES;
				CLANG_ENABLE_OBJC_WEAK = YES;
				CLANG_WARN_BLOCK_CAPTURE_AUTORELEASING = YES;
				CLANG_WARN_BOOL_CONVERSION = YES;
				CLANG_WARN_COMMA = YES;
				CLANG_WARN_CONSTANT_CONVERSION = YES;
				CLANG_WARN_DEPRECATED_OBJC_IMPLEMENTATIONS = YES;
				CLANG_WARN_DIRECT_OBJC_ISA_USAGE = YES_ERROR;
				CLANG_WARN_DOCUMENTATION_COMMENTS = YES;
				CLANG_WARN_EMPTY_BODY = YES;
				CLANG_WARN_ENUM_CONVERSION = YES;
				CLANG_WARN_INFINITE_RECURSION = YES;
				CLANG_WARN_INT_CONVERSION = YES;
				CLANG_WARN_NON_LITERAL_NULL_CONVERSION = YES;
				CLANG_WARN_OBJC_IMPLICIT_RETAIN_SELF = YES;
				CLANG_WARN_OBJC_LITERAL_CONVERSION = YES;
				CLANG_WARN_OBJC_ROOT_CLASS = YES_ERROR;
				CLANG_WARN_RANGE_LOOP_ANALYSIS = YES;
				CLANG_WARN_STRICT_PROTOTYPES = YES;
				CLANG_WARN_SUSPICIOUS_MOVE = YES;
				CLANG_WARN_UNGUARDED_AVAILABILITY = YES_AGGRESSIVE;
				CLANG_WARN_UNREACHABLE_CODE = YES;
				CLANG_WARN__DUPLICATE_METHOD_MATCH = YES;
				COPY_PHASE_STRIP = NO;
				DEBUG_INFORMATION_FORMAT = dwarf;
				ENABLE_STRICT_OBJC_MSGSEND = YES;
				ENABLE_TESTABILITY = YES;
				GCC_C_LANGUAGE_STANDARD = gnu11;
				GCC_DYNAMIC_NO_PIC = NO;
				GCC_NO_COMMON_BLOCKS = YES;
				GCC_OPTIMIZATION_LEVEL = 0;
				GCC_PREPROCESSOR_DEFINITIONS = (
					"DEBUG=1",
					"$(inherited)",
				);
				GCC_WARN_64_TO_32_BIT_CONVERSION = YES;
				GCC_WARN_ABOUT_RETURN_TYPE = YES_ERROR;
				GCC_WARN_UNDECLARED_SELECTOR = YES;
				GCC_WARN_UNINITIALIZED_AUTOS = YES_AGGRESSIVE;
				GCC_WARN_UNUSED_FUNCTION = YES;
				GCC_WARN_UNUSED_VARIABLE = YES;
				IPHONEOS_DEPLOYMENT_TARGET = 13.0;
				MTL_ENABLE_DEBUG_INFO = INCLUDE_SOURCE;
				MTL_FAST_MATH = YES;
				ONLY_ACTIVE_ARCH = YES;
				SDKROOT = iphoneos;
			};
			name = Debug;
		};
		6E094236234B451C0098E5B8 /* Release */ = {
			isa = XCBuildConfiguration;
			buildSettings = {
				ALWAYS_SEARCH_USER_PATHS = NO;
				CLANG_ANALYZER_NONNULL = YES;
				CLANG_ANALYZER_NUMBER_OBJECT_CONVERSION = YES_AGGRESSIVE;
				CLANG_CXX_LANGUAGE_STANDARD = "gnu++14";
				CLANG_CXX_LIBRARY = "libc++";
				CLANG_ENABLE_MODULES = YES;
				CLANG_ENABLE_OBJC_ARC = YES;
				CLANG_ENABLE_OBJC_WEAK = YES;
				CLANG_WARN_BLOCK_CAPTURE_AUTORELEASING = YES;
				CLANG_WARN_BOOL_CONVERSION = YES;
				CLANG_WARN_COMMA = YES;
				CLANG_WARN_CONSTANT_CONVERSION = YES;
				CLANG_WARN_DEPRECATED_OBJC_IMPLEMENTATIONS = YES;
				CLANG_WARN_DIRECT_OBJC_ISA_USAGE = YES_ERROR;
				CLANG_WARN_DOCUMENTATION_COMMENTS = YES;
				CLANG_WARN_EMPTY_BODY = YES;
				CLANG_WARN_ENUM_CONVERSION = YES;
				CLANG_WARN_INFINITE_RECURSION = YES;
				CLANG_WARN_INT_CONVERSION = YES;
				CLANG_WARN_NON_LITERAL_NULL_CONVERSION = YES;
				CLANG_WARN_OBJC_IMPLICIT_RETAIN_SELF = YES;
				CLANG_WARN_OBJC_LITERAL_CONVERSION = YES;
				CLANG_WARN_OBJC_ROOT_CLASS = YES_ERROR;
				CLANG_WARN_RANGE_LOOP_ANALYSIS = YES;
				CLANG_WARN_STRICT_PROTOTYPES = YES;
				CLANG_WARN_SUSPICIOUS_MOVE = YES;
				CLANG_WARN_UNGUARDED_AVAILABILITY = YES_AGGRESSIVE;
				CLANG_WARN_UNREACHABLE_CODE = YES;
				CLANG_WARN__DUPLICATE_METHOD_MATCH = YES;
				COPY_PHASE_STRIP = NO;
				DEBUG_INFORMATION_FORMAT = "dwarf-with-dsym";
				ENABLE_NS_ASSERTIONS = NO;
				ENABLE_STRICT_OBJC_MSGSEND = YES;
				GCC_C_LANGUAGE_STANDARD = gnu11;
				GCC_NO_COMMON_BLOCKS = YES;
				GCC_WARN_64_TO_32_BIT_CONVERSION = YES;
				GCC_WARN_ABOUT_RETURN_TYPE = YES_ERROR;
				GCC_WARN_UNDECLARED_SELECTOR = YES;
				GCC_WARN_UNINITIALIZED_AUTOS = YES_AGGRESSIVE;
				GCC_WARN_UNUSED_FUNCTION = YES;
				GCC_WARN_UNUSED_VARIABLE = YES;
				IPHONEOS_DEPLOYMENT_TARGET = 13.0;
				MTL_ENABLE_DEBUG_INFO = NO;
				MTL_FAST_MATH = YES;
				SDKROOT = iphoneos;
				VALIDATE_PRODUCT = YES;
			};
			name = Release;
		};
		6E094238234B451C0098E5B8 /* Debug */ = {
			isa = XCBuildConfiguration;
			buildSettings = {
				ASSETCATALOG_COMPILER_APPICON_NAME = AppIcon;
				CODE_SIGN_STYLE = Automatic;
				INFOPLIST_FILE = ff/Info.plist;
				LD_RUNPATH_SEARCH_PATHS = (
					"$(inherited)",
					"@executable_path/Frameworks",
				);
				PRODUCT_BUNDLE_IDENTIFIER = TCPKeepAlive.ff;
				PRODUCT_NAME = "$(TARGET_NAME)";
				TARGETED_DEVICE_FAMILY = "1,2";
			};
			name = Debug;
		};
		6E094239234B451C0098E5B8 /* Release */ = {
			isa = XCBuildConfiguration;
			buildSettings = {
				ASSETCATALOG_COMPILER_APPICON_NAME = AppIcon;
				CODE_SIGN_STYLE = Automatic;
				INFOPLIST_FILE = ff/Info.plist;
				LD_RUNPATH_SEARCH_PATHS = (
					"$(inherited)",
					"@executable_path/Frameworks",
				);
				PRODUCT_BUNDLE_IDENTIFIER = TCPKeepAlive.ff;
				PRODUCT_NAME = "$(TARGET_NAME)";
				TARGETED_DEVICE_FAMILY = "1,2";
			};
			name = Release;
		};
		6E09423B234B451C0098E5B8 /* Debug */ = {
			isa = XCBuildConfiguration;
			buildSettings = {
				BUNDLE_LOADER = "$(TEST_HOST)";
				CODE_SIGN_STYLE = Automatic;
				INFOPLIST_FILE = ffTests/Info.plist;
				IPHONEOS_DEPLOYMENT_TARGET = 13.0;
				LD_RUNPATH_SEARCH_PATHS = (
					"$(inherited)",
					"@executable_path/Frameworks",
					"@loader_path/Frameworks",
				);
				PRODUCT_BUNDLE_IDENTIFIER = TCPKeepAlive.ffTests;
				PRODUCT_NAME = "$(TARGET_NAME)";
				TARGETED_DEVICE_FAMILY = "1,2";
				TEST_HOST = "$(BUILT_PRODUCTS_DIR)/ff.app/ff";
			};
			name = Debug;
		};
		6E09423C234B451C0098E5B8 /* Release */ = {
			isa = XCBuildConfiguration;
			buildSettings = {
				BUNDLE_LOADER = "$(TEST_HOST)";
				CODE_SIGN_STYLE = Automatic;
				INFOPLIST_FILE = ffTests/Info.plist;
				IPHONEOS_DEPLOYMENT_TARGET = 13.0;
				LD_RUNPATH_SEARCH_PATHS = (
					"$(inherited)",
					"@executable_path/Frameworks",
					"@loader_path/Frameworks",
				);
				PRODUCT_BUNDLE_IDENTIFIER = TCPKeepAlive.ffTests;
				PRODUCT_NAME = "$(TARGET_NAME)";
				TARGETED_DEVICE_FAMILY = "1,2";
				TEST_HOST = "$(BUILT_PRODUCTS_DIR)/ff.app/ff";
			};
			name = Release;
		};
		6E09423E234B451C0098E5B8 /* Debug */ = {
			isa = XCBuildConfiguration;
			buildSettings = {
				CODE_SIGN_STYLE = Automatic;
				INFOPLIST_FILE = ffUITests/Info.plist;
				LD_RUNPATH_SEARCH_PATHS = (
					"$(inherited)",
					"@executable_path/Frameworks",
					"@loader_path/Frameworks",
				);
				PRODUCT_BUNDLE_IDENTIFIER = TCPKeepAlive.ffUITests;
				PRODUCT_NAME = "$(TARGET_NAME)";
				TARGETED_DEVICE_FAMILY = "1,2";
				TEST_TARGET_NAME = ff;
			};
			name = Debug;
		};
		6E09423F234B451C0098E5B8 /* Release */ = {
			isa = XCBuildConfiguration;
			buildSettings = {
				CODE_SIGN_STYLE = Automatic;
				INFOPLIST_FILE = ffUITests/Info.plist;
				LD_RUNPATH_SEARCH_PATHS = (
					"$(inherited)",
					"@executable_path/Frameworks",
					"@loader_path/Frameworks",
				);
				PRODUCT_BUNDLE_IDENTIFIER = TCPKeepAlive.ffUITests;
				PRODUCT_NAME = "$(TARGET_NAME)";
				TARGETED_DEVICE_FAMILY = "1,2";
				TEST_TARGET_NAME = ff;
			};
			name = Release;
		};
/* End XCBuildConfiguration section */

/* Begin XCConfigurationList section */
		6E094203234B451A0098E5B8 /* Build configuration list for PBXProject "ff" */ = {
			isa = XCConfigurationList;
			buildConfigurations = (
				6E094235234B451C0098E5B8 /* Debug */,
				6E094236234B451C0098E5B8 /* Release */,
			);
			defaultConfigurationIsVisible = 0;
			defaultConfigurationName = Release;
		};
		6E094237234B451C0098E5B8 /* Build configuration list for PBXNativeTarget "ff" */ = {
			isa = XCConfigurationList;
			buildConfigurations = (
				6E094238234B451C0098E5B8 /* Debug */,
				6E094239234B451C0098E5B8 /* Release */,
			);
			defaultConfigurationIsVisible = 0;
			defaultConfigurationName = Release;
		};
		6E09423A234B451C0098E5B8 /* Build configuration list for PBXNativeTarget "ffTests" */ = {
			isa = XCConfigurationList;
			buildConfigurations = (
				6E09423B234B451C0098E5B8 /* Debug */,
				6E09423C234B451C0098E5B8 /* Release */,
			);
			defaultConfigurationIsVisible = 0;
			defaultConfigurationName = Release;
		};
		6E09423D234B451C0098E5B8 /* Build configuration list for PBXNativeTarget "ffUITests" */ = {
			isa = XCConfigurationList;
			buildConfigurations = (
				6E09423E234B451C0098E5B8 /* Debug */,
				6E09423F234B451C0098E5B8 /* Release */,
			);
			defaultConfigurationIsVisible = 0;
			defaultConfigurationName = Release;
		};
/* End XCConfigurationList section */
	};
	rootObject = 6E094200234B451A0098E5B8 /* Project object */;
}
